
Microsoft Visual Studio Solution File, Format Version 12.00
# Visual Studio Version 17
VisualStudioVersion = 17.1.32328.378
MinimumVisualStudioVersion = 10.0.40219.1
Project("{FAE04EC0-301F-11D3-BF4B-00C04F79EFBC}") = "classes", "classes\classes.csproj", "{97DB3A81-3004-4E70-9EE5-DF6DDC68F659}"
EndProject
Global
	GlobalSection(SolutionConfigurationPlatforms) = preSolution
		Debug|Any CPU = Debug|Any CPU
		Release|Any CPU = Release|Any CPU
	EndGlobalSection
	GlobalSection(ProjectConfigurationPlatforms) = postSolution
		{97DB3A81-3004-4E70-9EE5-DF6DDC68F659}.Debug|Any CPU.ActiveCfg = Debug|Any CPU
		{97DB3A81-3004-4E70-9EE5-DF6DDC68F659}.Debug|Any CPU.Build.0 = Debug|Any CPU
		{97DB3A81-3004-4E70-9EE5-DF6DDC68F659}.Release|Any CPU.ActiveCfg = Release|Any CPU
		{97DB3A81-3004-4E70-9EE5-DF6DDC68F659}.Release|Any CPU.Build.0 = Release|Any CPU
	EndGlobalSection
	GlobalSection(SolutionProperties) = preSolution
		HideSolutionNode = FALSE
	EndGlobalSection
	GlobalSection(ExtensibilityGlobals) = postSolution
		SolutionGuid = {F835C7F8-24FD-4401-B439-C1355FA7E6D0}
	EndGlobalSection
EndGlobal
