
Microsoft Visual Studio Solution File, Format Version 12.00
# Visual Studio Version 17
VisualStudioVersion = 17.1.32328.378
MinimumVisualStudioVersion = 10.0.40219.1
Project("{FAE04EC0-301F-11D3-BF4B-00C04F79EFBC}") = "referencetypevaluetype", "referencetypevaluetype\referencetypevaluetype.csproj", "{AC49E30D-819F-4D42-B971-D9A948827CF1}"
EndProject
Global
	GlobalSection(SolutionConfigurationPlatforms) = preSolution
		Debug|Any CPU = Debug|Any CPU
		Release|Any CPU = Release|Any CPU
	EndGlobalSection
	GlobalSection(ProjectConfigurationPlatforms) = postSolution
		{AC49E30D-819F-4D42-B971-D9A948827CF1}.Debug|Any CPU.ActiveCfg = Debug|Any CPU
		{AC49E30D-819F-4D42-B971-D9A948827CF1}.Debug|Any CPU.Build.0 = Debug|Any CPU
		{AC49E30D-819F-4D42-B971-D9A948827CF1}.Release|Any CPU.ActiveCfg = Release|Any CPU
		{AC49E30D-819F-4D42-B971-D9A948827CF1}.Release|Any CPU.Build.0 = Release|Any CPU
	EndGlobalSection
	GlobalSection(SolutionProperties) = preSolution
		HideSolutionNode = FALSE
	EndGlobalSection
	GlobalSection(ExtensibilityGlobals) = postSolution
		SolutionGuid = {44E788FB-E31D-4466-A934-7B282753FD9E}
	EndGlobalSection
EndGlobal
