
Microsoft Visual Studio Solution File, Format Version 12.00
# Visual Studio Version 17
VisualStudioVersion = 17.1.32328.378
MinimumVisualStudioVersion = 10.0.40219.1
Project("{FAE04EC0-301F-11D3-BF4B-00C04F79EFBC}") = "WorkingWithStrings", "WorkingWithStrings\WorkingWithStrings.csproj", "{E10ADB13-9F7B-4053-93F0-41B2A8A76C4E}"
EndProject
Global
	GlobalSection(SolutionConfigurationPlatforms) = preSolution
		Debug|Any CPU = Debug|Any CPU
		Release|Any CPU = Release|Any CPU
	EndGlobalSection
	GlobalSection(ProjectConfigurationPlatforms) = postSolution
		{E10ADB13-9F7B-4053-93F0-41B2A8A76C4E}.Debug|Any CPU.ActiveCfg = Debug|Any CPU
		{E10ADB13-9F7B-4053-93F0-41B2A8A76C4E}.Debug|Any CPU.Build.0 = Debug|Any CPU
		{E10ADB13-9F7B-4053-93F0-41B2A8A76C4E}.Release|Any CPU.ActiveCfg = Release|Any CPU
		{E10ADB13-9F7B-4053-93F0-41B2A8A76C4E}.Release|Any CPU.Build.0 = Release|Any CPU
	EndGlobalSection
	GlobalSection(SolutionProperties) = preSolution
		HideSolutionNode = FALSE
	EndGlobalSection
	GlobalSection(ExtensibilityGlobals) = postSolution
		SolutionGuid = {1B4BB416-815D-4881-B0CF-E91EA7E8DE50}
	EndGlobalSection
EndGlobal
